
Microsoft Visual Studio Solution File, Format Version 12.00
# Visual Studio Version 17
VisualStudioVersion = 17.8.34330.188
MinimumVisualStudioVersion = 10.0.40219.1
Project("{9A19103F-16F7-4668-BE54-9A1E7A4F7556}") = "Downloader", "Downloader\Downloader.csproj", "{84E391DB-7F5D-4974-80D7-C3E74FF08544}"
EndProject
Project("{9A19103F-16F7-4668-BE54-9A1E7A4F7556}") = "Downloader.Desktop", "Downloader.Desktop\Downloader.Desktop.csproj", "{29BAF932-1553-477A-B898-6CCD651E8442}"
EndProject
Global
	GlobalSection(SolutionConfigurationPlatforms) = preSolution
		Debug|Any CPU = Debug|Any CPU
		Release|Any CPU = Release|Any CPU
	EndGlobalSection
	GlobalSection(ProjectConfigurationPlatforms) = postSolution
		{84E391DB-7F5D-4974-80D7-C3E74FF08544}.Debug|Any CPU.ActiveCfg = Debug|Any CPU
		{84E391DB-7F5D-4974-80D7-C3E74FF08544}.Debug|Any CPU.Build.0 = Debug|Any CPU
		{84E391DB-7F5D-4974-80D7-C3E74FF08544}.Release|Any CPU.ActiveCfg = Release|Any CPU
		{84E391DB-7F5D-4974-80D7-C3E74FF08544}.Release|Any CPU.Build.0 = Release|Any CPU
		{29BAF932-1553-477A-B898-6CCD651E8442}.Debug|Any CPU.ActiveCfg = Debug|Any CPU
		{29BAF932-1553-477A-B898-6CCD651E8442}.Debug|Any CPU.Build.0 = Debug|Any CPU
		{29BAF932-1553-477A-B898-6CCD651E8442}.Release|Any CPU.ActiveCfg = Release|Any CPU
		{29BAF932-1553-477A-B898-6CCD651E8442}.Release|Any CPU.Build.0 = Release|Any CPU
	EndGlobalSection
	GlobalSection(SolutionProperties) = preSolution
		HideSolutionNode = FALSE
	EndGlobalSection
	GlobalSection(ExtensibilityGlobals) = postSolution
		SolutionGuid = {C94278EA-559A-43F5-91F1-0CEFD86A87B3}
	EndGlobalSection
EndGlobal
