
Microsoft Visual Studio Solution File, Format Version 12.00
# Visual Studio Version 17
VisualStudioVersion = 17.12.35209.166
MinimumVisualStudioVersion = 10.0.40219.1
Project("{FAE04EC0-301F-11D3-BF4B-00C04F79EFBC}") = "Euphonia.API", "Euphonia.API.csproj", "{10E9552E-989C-4D60-90FB-3ED95FEEFD2F}"
EndProject
Global
	GlobalSection(SolutionConfigurationPlatforms) = preSolution
		Debug|Any CPU = Debug|Any CPU
		Release|Any CPU = Release|Any CPU
	EndGlobalSection
	GlobalSection(ProjectConfigurationPlatforms) = postSolution
		{10E9552E-989C-4D60-90FB-3ED95FEEFD2F}.Debug|Any CPU.ActiveCfg = Debug|Any CPU
		{10E9552E-989C-4D60-90FB-3ED95FEEFD2F}.Debug|Any CPU.Build.0 = Debug|Any CPU
		{10E9552E-989C-4D60-90FB-3ED95FEEFD2F}.Release|Any CPU.ActiveCfg = Release|Any CPU
		{10E9552E-989C-4D60-90FB-3ED95FEEFD2F}.Release|Any CPU.Build.0 = Release|Any CPU
	EndGlobalSection
	GlobalSection(SolutionProperties) = preSolution
		HideSolutionNode = FALSE
	EndGlobalSection
	GlobalSection(ExtensibilityGlobals) = postSolution
		SolutionGuid = {B07A9F73-271C-48E8-81BE-F08CF03F254D}
	EndGlobalSection
EndGlobal
